{
  "name": "pcf-project",
  "version": "1.0.0",
  "lockfileVersion": 1,
  "requires": true,
  "dependencies": {
    "@types/node": {
      "version": "10.17.24",
      "resolved": "https://registry.npmjs.org/@types/node/-/node-10.17.24.tgz",
      "integrity": "sha512-5SCfvCxV74kzR3uWgTYiGxrd69TbT1I6+cMx1A5kEly/IVveJBimtAMlXiEyVFn5DvUFewQWxOOiJhlxeQwxgA=="
    },
    "@types/powerapps-component-framework": {
      "version": "1.2.3",
      "resolved": "https://registry.npmjs.org/@types/powerapps-component-framework/-/powerapps-component-framework-1.2.3.tgz",
      "integrity": "sha512-vftG/MwON8PQFe9FwOIukLzD7IUSzJoFaYWQxx62YPf6HFqRDzzIjbXiiYKIRDPMHyepM6okxYXCsg5VJAbbLw=="
    }
  }
}
